
Microsoft Visual Studio Solution File, Format Version 12.00
# Visual Studio Version 16
VisualStudioVersion = 16.0.30804.86
MinimumVisualStudioVersion = 10.0.40219.1
Project("{2150E333-8FDC-42A3-9474-1A3956D46DE8}") = "Solution Items", "Solution Items", "{7EC6BFED-E3FC-408A-B4EF-ABAB4BE9C04A}"
	ProjectSection(SolutionItems) = preProject
		.gitattributes = .gitattributes
		.gitignore = .gitignore
		azure-pipelines.yml = azure-pipelines.yml
		build.ps1 = build.ps1
		.github\workflows\build.yml = .github\workflows\build.yml
		commands.json = commands.json
		dotnet-install.ps1 = dotnet-install.ps1
		dotnet-install.sh = dotnet-install.sh
		global.json = global.json
		invoke-task.psm1 = invoke-task.psm1
		LICENSE = LICENSE
		README.md = README.md
	EndProjectSection
EndProject
Project("{9A19103F-16F7-4668-BE54-9A1E7A4F7556}") = "Minicloner", "Minicloner\Minicloner.csproj", "{F7C4D457-D6F2-47C8-A13F-7C14608F6E9A}"
EndProject
Project("{9A19103F-16F7-4668-BE54-9A1E7A4F7556}") = "Minicloner.Tests", "Minicloner.Tests\Minicloner.Tests.csproj", "{1272F2EE-F8C9-46A9-BA7B-F1EE9AE4943D}"
EndProject
Project("{9A19103F-16F7-4668-BE54-9A1E7A4F7556}") = "Minicloner.Tests.Fakes", "Minicloner.Tests.Fakes\Minicloner.Tests.Fakes.csproj", "{15DB69E7-DEA9-4507-B469-0F30DD67E538}"
EndProject
Project("{2150E333-8FDC-42A3-9474-1A3956D46DE8}") = ".github", ".github", "{FBFA88F9-EBBC-4E3F-9BA9-E8E088CB3F6E}"
EndProject
Project("{2150E333-8FDC-42A3-9474-1A3956D46DE8}") = "workflows", "workflows", "{99A04491-E5CA-4534-8906-1B98F24781A0}"
	ProjectSection(SolutionItems) = preProject
		.github\workflows\build.yml = .github\workflows\build.yml
	EndProjectSection
EndProject
Global
	GlobalSection(SolutionConfigurationPlatforms) = preSolution
		Debug|Any CPU = Debug|Any CPU
		Release|Any CPU = Release|Any CPU
	EndGlobalSection
	GlobalSection(ProjectConfigurationPlatforms) = postSolution
		{F7C4D457-D6F2-47C8-A13F-7C14608F6E9A}.Debug|Any CPU.ActiveCfg = Debug|Any CPU
		{F7C4D457-D6F2-47C8-A13F-7C14608F6E9A}.Debug|Any CPU.Build.0 = Debug|Any CPU
		{F7C4D457-D6F2-47C8-A13F-7C14608F6E9A}.Release|Any CPU.ActiveCfg = Release|Any CPU
		{F7C4D457-D6F2-47C8-A13F-7C14608F6E9A}.Release|Any CPU.Build.0 = Release|Any CPU
		{1272F2EE-F8C9-46A9-BA7B-F1EE9AE4943D}.Debug|Any CPU.ActiveCfg = Debug|Any CPU
		{1272F2EE-F8C9-46A9-BA7B-F1EE9AE4943D}.Debug|Any CPU.Build.0 = Debug|Any CPU
		{1272F2EE-F8C9-46A9-BA7B-F1EE9AE4943D}.Release|Any CPU.ActiveCfg = Release|Any CPU
		{1272F2EE-F8C9-46A9-BA7B-F1EE9AE4943D}.Release|Any CPU.Build.0 = Release|Any CPU
		{15DB69E7-DEA9-4507-B469-0F30DD67E538}.Debug|Any CPU.ActiveCfg = Debug|Any CPU
		{15DB69E7-DEA9-4507-B469-0F30DD67E538}.Debug|Any CPU.Build.0 = Debug|Any CPU
		{15DB69E7-DEA9-4507-B469-0F30DD67E538}.Release|Any CPU.ActiveCfg = Release|Any CPU
		{15DB69E7-DEA9-4507-B469-0F30DD67E538}.Release|Any CPU.Build.0 = Release|Any CPU
	EndGlobalSection
	GlobalSection(SolutionProperties) = preSolution
		HideSolutionNode = FALSE
	EndGlobalSection
	GlobalSection(NestedProjects) = preSolution
		{99A04491-E5CA-4534-8906-1B98F24781A0} = {FBFA88F9-EBBC-4E3F-9BA9-E8E088CB3F6E}
	EndGlobalSection
	GlobalSection(ExtensibilityGlobals) = postSolution
		SolutionGuid = {5E0B2565-00F4-4199-9937-399C074F2CB9}
	EndGlobalSection
EndGlobal
